
Microsoft Visual Studio Solution File, Format Version 12.00
# Visual Studio 15
VisualStudioVersion = 15.0.26730.12
MinimumVisualStudioVersion = 10.0.40219.1
Project("{2150E333-8FDC-42A3-9474-1A3956D46DE8}") = "1- Interfaces", "1- Interfaces", "{EC56F8FB-013C-4912-B79B-63D77BC2A67C}"
EndProject
Project("{FAE04EC0-301F-11D3-BF4B-00C04F79EFBC}") = "Nextt_Gestao_Compra.Web", "Nextt_Gestao_Compra.Web\Nextt_Gestao_Compra.Web.csproj", "{33092542-3674-4F83-AD42-59EF3B73C7A1}"
EndProject
Project("{2150E333-8FDC-42A3-9474-1A3956D46DE8}") = "2- Apresentação", "2- Apresentação", "{E3F4FC95-F1A4-44D7-B04F-CA101F92910E}"
EndProject
Project("{2150E333-8FDC-42A3-9474-1A3956D46DE8}") = "3- Aplicação", "3- Aplicação", "{D91D1DF9-91C4-4195-82AD-967DECC8DD46}"
EndProject
Project("{2150E333-8FDC-42A3-9474-1A3956D46DE8}") = "4- Dominio", "4- Dominio", "{7DC2A546-890D-4AE1-87C6-18F3B7EF14DF}"
EndProject
Project("{2150E333-8FDC-42A3-9474-1A3956D46DE8}") = "5- Infra", "5- Infra", "{F6D4CAAB-2BC8-4D98-9019-D9A79192B909}"
EndProject
Project("{2150E333-8FDC-42A3-9474-1A3956D46DE8}") = "5.1- Dados", "5.1- Dados", "{12916690-1489-42F5-AEAD-689B81580500}"
EndProject
Project("{2150E333-8FDC-42A3-9474-1A3956D46DE8}") = "5.2- Cross-Cutting", "5.2- Cross-Cutting", "{E4FE1ECF-1B83-4B2A-98B3-3C72C7F5A054}"
EndProject
Project("{FAE04EC0-301F-11D3-BF4B-00C04F79EFBC}") = "Nextt_Gestao_Compra.Apresentacao.API", "Nextt_Gestao_Compra.Apresentacao.API\Nextt_Gestao_Compra.Apresentacao.API.csproj", "{5E48116B-1853-48FF-BAF6-E8BFC681BF6F}"
EndProject
Project("{FAE04EC0-301F-11D3-BF4B-00C04F79EFBC}") = "Nextt_Gestao_Compra.Aplicacao", "Nextt_Gestao_Compra.Aplicacao\Nextt_Gestao_Compra.Aplicacao.csproj", "{2A66B567-6092-405F-92AE-CCC26A4AC2E5}"
EndProject
Project("{FAE04EC0-301F-11D3-BF4B-00C04F79EFBC}") = "Nextt_Gestao_Compra.Dominio", "Nextt_Gestao_Compra.Dominio\Nextt_Gestao_Compra.Dominio.csproj", "{C5EB9C21-C77A-41D0-B33A-9B97C0A51B05}"
EndProject
Project("{FAE04EC0-301F-11D3-BF4B-00C04F79EFBC}") = "Nextt_Gestao_Compra.Infra.Dados", "Nextt_Gestao_Compra.Infra.Dados\Nextt_Gestao_Compra.Infra.Dados.csproj", "{581DBB01-EA8F-4F7C-98C2-FEDBB4D325D0}"
EndProject
Project("{FAE04EC0-301F-11D3-BF4B-00C04F79EFBC}") = "Nextt_Gestao_Compra.Infre.CrossCutting", "Nextt_Gestao_Compra.Infre.CrossCutting\Nextt_Gestao_Compra.Infre.CrossCutting.csproj", "{3D29AD04-7F1C-4233-B704-73809C05F3F1}"
EndProject
Global
	GlobalSection(SolutionConfigurationPlatforms) = preSolution
		Debug|Any CPU = Debug|Any CPU
		Release|Any CPU = Release|Any CPU
	EndGlobalSection
	GlobalSection(ProjectConfigurationPlatforms) = postSolution
		{33092542-3674-4F83-AD42-59EF3B73C7A1}.Debug|Any CPU.ActiveCfg = Debug|Any CPU
		{33092542-3674-4F83-AD42-59EF3B73C7A1}.Debug|Any CPU.Build.0 = Debug|Any CPU
		{33092542-3674-4F83-AD42-59EF3B73C7A1}.Release|Any CPU.ActiveCfg = Release|Any CPU
		{33092542-3674-4F83-AD42-59EF3B73C7A1}.Release|Any CPU.Build.0 = Release|Any CPU
		{5E48116B-1853-48FF-BAF6-E8BFC681BF6F}.Debug|Any CPU.ActiveCfg = Debug|Any CPU
		{5E48116B-1853-48FF-BAF6-E8BFC681BF6F}.Debug|Any CPU.Build.0 = Debug|Any CPU
		{5E48116B-1853-48FF-BAF6-E8BFC681BF6F}.Release|Any CPU.ActiveCfg = Release|Any CPU
		{5E48116B-1853-48FF-BAF6-E8BFC681BF6F}.Release|Any CPU.Build.0 = Release|Any CPU
		{2A66B567-6092-405F-92AE-CCC26A4AC2E5}.Debug|Any CPU.ActiveCfg = Debug|Any CPU
		{2A66B567-6092-405F-92AE-CCC26A4AC2E5}.Debug|Any CPU.Build.0 = Debug|Any CPU
		{2A66B567-6092-405F-92AE-CCC26A4AC2E5}.Release|Any CPU.ActiveCfg = Release|Any CPU
		{2A66B567-6092-405F-92AE-CCC26A4AC2E5}.Release|Any CPU.Build.0 = Release|Any CPU
		{C5EB9C21-C77A-41D0-B33A-9B97C0A51B05}.Debug|Any CPU.ActiveCfg = Debug|Any CPU
		{C5EB9C21-C77A-41D0-B33A-9B97C0A51B05}.Debug|Any CPU.Build.0 = Debug|Any CPU
		{C5EB9C21-C77A-41D0-B33A-9B97C0A51B05}.Release|Any CPU.ActiveCfg = Release|Any CPU
		{C5EB9C21-C77A-41D0-B33A-9B97C0A51B05}.Release|Any CPU.Build.0 = Release|Any CPU
		{581DBB01-EA8F-4F7C-98C2-FEDBB4D325D0}.Debug|Any CPU.ActiveCfg = Debug|Any CPU
		{581DBB01-EA8F-4F7C-98C2-FEDBB4D325D0}.Debug|Any CPU.Build.0 = Debug|Any CPU
		{581DBB01-EA8F-4F7C-98C2-FEDBB4D325D0}.Release|Any CPU.ActiveCfg = Release|Any CPU
		{581DBB01-EA8F-4F7C-98C2-FEDBB4D325D0}.Release|Any CPU.Build.0 = Release|Any CPU
		{3D29AD04-7F1C-4233-B704-73809C05F3F1}.Debug|Any CPU.ActiveCfg = Debug|Any CPU
		{3D29AD04-7F1C-4233-B704-73809C05F3F1}.Debug|Any CPU.Build.0 = Debug|Any CPU
		{3D29AD04-7F1C-4233-B704-73809C05F3F1}.Release|Any CPU.ActiveCfg = Release|Any CPU
		{3D29AD04-7F1C-4233-B704-73809C05F3F1}.Release|Any CPU.Build.0 = Release|Any CPU
	EndGlobalSection
	GlobalSection(SolutionProperties) = preSolution
		HideSolutionNode = FALSE
	EndGlobalSection
	GlobalSection(NestedProjects) = preSolution
		{33092542-3674-4F83-AD42-59EF3B73C7A1} = {EC56F8FB-013C-4912-B79B-63D77BC2A67C}
		{12916690-1489-42F5-AEAD-689B81580500} = {F6D4CAAB-2BC8-4D98-9019-D9A79192B909}
		{E4FE1ECF-1B83-4B2A-98B3-3C72C7F5A054} = {F6D4CAAB-2BC8-4D98-9019-D9A79192B909}
		{5E48116B-1853-48FF-BAF6-E8BFC681BF6F} = {E3F4FC95-F1A4-44D7-B04F-CA101F92910E}
		{2A66B567-6092-405F-92AE-CCC26A4AC2E5} = {D91D1DF9-91C4-4195-82AD-967DECC8DD46}
		{C5EB9C21-C77A-41D0-B33A-9B97C0A51B05} = {7DC2A546-890D-4AE1-87C6-18F3B7EF14DF}
		{581DBB01-EA8F-4F7C-98C2-FEDBB4D325D0} = {12916690-1489-42F5-AEAD-689B81580500}
		{3D29AD04-7F1C-4233-B704-73809C05F3F1} = {E4FE1ECF-1B83-4B2A-98B3-3C72C7F5A054}
	EndGlobalSection
	GlobalSection(ExtensibilityGlobals) = postSolution
		SolutionGuid = {5D2BA818-9CA9-4345-ACB3-0D99183C4EA1}
	EndGlobalSection
EndGlobal
